
Microsoft Visual Studio Solution File, Format Version 11.00
# Visual Studio 2010
Project("{8BC9CEB8-8B4A-11D0-8D11-00A0C91BC942}") = "W32Console", "W32Console\W32Console.vcxproj", "{0C53BF05-D830-4F05-94E5-27418B7E2BDF}"
EndProject
Project("{8BC9CEB8-8B4A-11D0-8D11-00A0C91BC942}") = "TestW32Console", "TestW32Console\TestW32Console.vcxproj", "{5485947C-7D4F-4E51-887A-3FC3CE3266AC}"
EndProject
Project("{2150E333-8FDC-42A3-9474-1A3956D46DE8}") = "Solution Items", "Solution Items", "{AA4C6738-C5C2-48F1-AB9A-57A7A5F08EDC}"
	ProjectSection(SolutionItems) = preProject
		Local.testsettings = Local.testsettings
		TraceAndTestImpact.testsettings = TraceAndTestImpact.testsettings
		W32Console.vsmdi = W32Console.vsmdi
	EndProjectSection
EndProject
Project("{8BC9CEB8-8B4A-11D0-8D11-00A0C91BC942}") = "MathLib", "MathLib\MathLib.vcxproj", "{9DFB9DC0-E0B8-4A46-A419-2EBFB573E539}"
EndProject
Global
	GlobalSection(TestCaseManagementSettings) = postSolution
		CategoryFile = W32Console.vsmdi
	EndGlobalSection
	GlobalSection(SolutionConfigurationPlatforms) = preSolution
		Debug|Win32 = Debug|Win32
		Release|Win32 = Release|Win32
	EndGlobalSection
	GlobalSection(ProjectConfigurationPlatforms) = postSolution
		{0C53BF05-D830-4F05-94E5-27418B7E2BDF}.Debug|Win32.ActiveCfg = Debug|Win32
		{0C53BF05-D830-4F05-94E5-27418B7E2BDF}.Debug|Win32.Build.0 = Debug|Win32
		{0C53BF05-D830-4F05-94E5-27418B7E2BDF}.Release|Win32.ActiveCfg = Release|Win32
		{0C53BF05-D830-4F05-94E5-27418B7E2BDF}.Release|Win32.Build.0 = Release|Win32
		{5485947C-7D4F-4E51-887A-3FC3CE3266AC}.Debug|Win32.ActiveCfg = Debug|Win32
		{5485947C-7D4F-4E51-887A-3FC3CE3266AC}.Debug|Win32.Build.0 = Debug|Win32
		{5485947C-7D4F-4E51-887A-3FC3CE3266AC}.Release|Win32.ActiveCfg = Release|Win32
		{5485947C-7D4F-4E51-887A-3FC3CE3266AC}.Release|Win32.Build.0 = Release|Win32
		{9DFB9DC0-E0B8-4A46-A419-2EBFB573E539}.Debug|Win32.ActiveCfg = Debug|Win32
		{9DFB9DC0-E0B8-4A46-A419-2EBFB573E539}.Debug|Win32.Build.0 = Debug|Win32
		{9DFB9DC0-E0B8-4A46-A419-2EBFB573E539}.Release|Win32.ActiveCfg = Release|Win32
		{9DFB9DC0-E0B8-4A46-A419-2EBFB573E539}.Release|Win32.Build.0 = Release|Win32
	EndGlobalSection
	GlobalSection(SolutionProperties) = preSolution
		HideSolutionNode = FALSE
	EndGlobalSection
EndGlobal
